github.com/calcodev/working v0.0.0-20240809193220-fc590b13a2ab h1:GVBeTSQsO68X0h1lEZSIiGnVncatEt8NYeVeP9Aq9Vk=
github.com/calcodev/working v0.0.0-20240809193220-fc590b13a2ab/go.mod h1:ZLqCCggihrbbScs+/XNdvHBzbzZf7Wf25TofqiEeHmY=
github.com/calcodev/working v0.0.0-20240809211224-424b3812395d h1:HBo6kWM+UYMWhydqR/wlrFqK6J9S0BmNONmSbcIre/4=
github.com/calcodev/working v0.0.0-20240809211224-424b3812395d/go.mod h1:ZLqCCggihrbbScs+/XNdvHBzbzZf7Wf25TofqiEeHmY=
golang.org/x/text v0.17.0 h1:XtiM5bkSOt+ewxlOE/aE/AKEHibwj/6gvWMl9Rsh0Qc=
golang.org/x/text v0.17.0/go.mod h1:BuEKDfySbSR4drPmRPG/7iBdf8hvFMuRexcpahXilzY=
grow.graphics/gd v0.0.0-20240712233837-825f292a30dc h1:FBMo+A6eS33ckwaC7LNxxA8pYOphac37BELLBh6TCok=
grow.graphics/gd v0.0.0-20240712233837-825f292a30dc/go.mod h1:2XqsIQrFPtQ2NemYzIK55+/Tzg89zwglWO/UwRhuQeE=
grow.graphics/rd v0.0.0-20240706224352-a970c8ef87b1 h1:scpPde86cDlT1MoEGWVS89mF3pkCB8OmBqrYrjBq/qY=
grow.graphics/rd v0.0.0-20240706224352-a970c8ef87b1/go.mod h1:mHzrJaKIGRwkPyotn6ZYWlw+l3tNEMeJDIICCxFeMLg=
grow.graphics/uc v0.0.0-20240128001120-57fde712a2f4 h1:oCxs27eH3FW15+xGaAVsLSp6S9hbZL51sLoSGp5cqIk=
grow.graphics/uc v0.0.0-20240128001120-57fde712a2f4/go.mod h1:rNkUY9tOrmdnN9bjAJkmK8fKT0u6qftXOXitETbIlzo=
grow.graphics/xy v0.0.0-20240603021049-7427233fc3a9 h1:7DTN0CCvKzohFhaeb1vNC1XackvyL4u1UwQDBzQixJo=
grow.graphics/xy v0.0.0-20240603021049-7427233fc3a9/go.mod h1:JwNaWFtFaeSmvp34kveQhSGN8dNowvLlz55K/c9bs1E=
runtime.link v0.0.0-20240806033715-807ff85dec9d h1:vHFpzPWMhLcrgjyWEOLTuYt7d0n6AhHOest+VWBdjBw=
runtime.link v0.0.0-20240806033715-807ff85dec9d/go.mod h1:/uYnCQF/lqkRLLSGKNtaDAJuc0sEKOH5ftxy7QKtODg=
